
Microsoft Visual Studio Solution File, Format Version 12.00
# Visual Studio Version 17
VisualStudioVersion = 17.4.33213.308
MinimumVisualStudioVersion = 10.0.40219.1
Project("{FAE04EC0-301F-11D3-BF4B-00C04F79EFBC}") = "WebApplication13", "WebApplication13\WebApplication13.csproj", "{5CE0A8F4-E755-4CAE-8AE6-E8E60673C9C0}"
EndProject
Global
	GlobalSection(SolutionConfigurationPlatforms) = preSolution
		Debug|Any CPU = Debug|Any CPU
		Release|Any CPU = Release|Any CPU
	EndGlobalSection
	GlobalSection(ProjectConfigurationPlatforms) = postSolution
		{5CE0A8F4-E755-4CAE-8AE6-E8E60673C9C0}.Debug|Any CPU.ActiveCfg = Debug|Any CPU
		{5CE0A8F4-E755-4CAE-8AE6-E8E60673C9C0}.Debug|Any CPU.Build.0 = Debug|Any CPU
		{5CE0A8F4-E755-4CAE-8AE6-E8E60673C9C0}.Release|Any CPU.ActiveCfg = Release|Any CPU
		{5CE0A8F4-E755-4CAE-8AE6-E8E60673C9C0}.Release|Any CPU.Build.0 = Release|Any CPU
	EndGlobalSection
	GlobalSection(SolutionProperties) = preSolution
		HideSolutionNode = FALSE
	EndGlobalSection
	GlobalSection(ExtensibilityGlobals) = postSolution
		SolutionGuid = {0E3007F5-E00C-409B-A2C2-FABB926AAFBF}
	EndGlobalSection
EndGlobal
