
Microsoft Visual Studio Solution File, Format Version 12.00
# Visual Studio Version 17
VisualStudioVersion = 17.4.33213.308
MinimumVisualStudioVersion = 10.0.40219.1
Project("{FAE04EC0-301F-11D3-BF4B-00C04F79EFBC}") = "ConsoleApp3", "ConsoleApp3\ConsoleApp3.csproj", "{ED9DAF1B-8695-4AD4-A1F3-30901E470E85}"
EndProject
Global
	GlobalSection(SolutionConfigurationPlatforms) = preSolution
		Debug|Any CPU = Debug|Any CPU
		Release|Any CPU = Release|Any CPU
	EndGlobalSection
	GlobalSection(ProjectConfigurationPlatforms) = postSolution
		{ED9DAF1B-8695-4AD4-A1F3-30901E470E85}.Debug|Any CPU.ActiveCfg = Debug|Any CPU
		{ED9DAF1B-8695-4AD4-A1F3-30901E470E85}.Debug|Any CPU.Build.0 = Debug|Any CPU
		{ED9DAF1B-8695-4AD4-A1F3-30901E470E85}.Release|Any CPU.ActiveCfg = Release|Any CPU
		{ED9DAF1B-8695-4AD4-A1F3-30901E470E85}.Release|Any CPU.Build.0 = Release|Any CPU
	EndGlobalSection
	GlobalSection(SolutionProperties) = preSolution
		HideSolutionNode = FALSE
	EndGlobalSection
	GlobalSection(ExtensibilityGlobals) = postSolution
		SolutionGuid = {A677476D-7FF5-437A-B7F1-2D5735B66335}
	EndGlobalSection
EndGlobal
